// !$*UTF8*$!
{
	archiveVersion = 1;
	classes = {
	};
	objectVersion = 46;
	objects = {

/* Begin PBXBuildFile section */
		3C1EB79818BB071A003A86B5 /* redMarble.png in Resources */ = {isa = PBXBuildFile; fileRef = 3C1EB79718BB071A003A86B5 /* redMarble.png */; };
		3CA7007818BD8CB400C84C9D /* blueMarble.png in Resources */ = {isa = PBXBuildFile; fileRef = 3CA7007718BD8CB400C84C9D /* blueMarble.png */; };
		3CA8127518BA7389003718FC /* Foundation.framework in Frameworks */ = {isa = PBXBuildFile; fileRef = 3CA8127418BA7389003718FC /* Foundation.framework */; };
		3CA8127718BA7389003718FC /* CoreGraphics.framework in Frameworks */ = {isa = PBXBuildFile; fileRef = 3CA8127618BA7389003718FC /* CoreGraphics.framework */; };
		3CA8127918BA7389003718FC /* UIKit.framework in Frameworks */ = {isa = PBXBuildFile; fileRef = 3CA8127818BA7389003718FC /* UIKit.framework */; };
		3CA8127F18BA7389003718FC /* InfoPlist.strings in Resources */ = {isa = PBXBuildFile; fileRef = 3CA8127D18BA7389003718FC /* InfoPlist.strings */; };
		3CA8128118BA7389003718FC /* main.m in Sources */ = {isa = PBXBuildFile; fileRef = 3CA8128018BA7389003718FC /* main.m */; };
		3CA8128518BA7389003718FC /* AppDelegate.m in Sources */ = {isa = PBXBuildFile; fileRef = 3CA8128418BA7389003718FC /* AppDelegate.m */; };
		3CA8128818BA7389003718FC /* Main.storyboard in Resources */ = {isa = PBXBuildFile; fileRef = 3CA8128618BA7389003718FC /* Main.storyboard */; };
		3CA8128B18BA7389003718FC /* ViewController.m in Sources */ = {isa = PBXBuildFile; fileRef = 3CA8128A18BA7389003718FC /* ViewController.m */; };
		3CA8128D18BA7389003718FC /* Images.xcassets in Resources */ = {isa = PBXBuildFile; fileRef = 3CA8128C18BA7389003718FC /* Images.xcassets */; };
		3CA8129418BA738A003718FC /* XCTest.framework in Frameworks */ = {isa = PBXBuildFile; fileRef = 3CA8129318BA738A003718FC /* XCTest.framework */; };
		3CA8129518BA738A003718FC /* Foundation.framework in Frameworks */ = {isa = PBXBuildFile; fileRef = 3CA8127418BA7389003718FC /* Foundation.framework */; };
		3CA8129618BA738A003718FC /* UIKit.framework in Frameworks */ = {isa = PBXBuildFile; fileRef = 3CA8127818BA7389003718FC /* UIKit.framework */; };
		3CA8129E18BA738A003718FC /* InfoPlist.strings in Resources */ = {isa = PBXBuildFile; fileRef = 3CA8129C18BA738A003718FC /* InfoPlist.strings */; };
		3CA812A018BA738A003718FC /* PentagoTests.m in Sources */ = {isa = PBXBuildFile; fileRef = 3CA8129F18BA738A003718FC /* PentagoTests.m */; };
		3CA812AC18BA73C5003718FC /* PentagoViewController.m in Sources */ = {isa = PBXBuildFile; fileRef = 3CA812AB18BA73C5003718FC /* PentagoViewController.m */; };
		3CA812AF18BA741D003718FC /* SubViewViewController.m in Sources */ = {isa = PBXBuildFile; fileRef = 3CA812AE18BA741D003718FC /* SubViewViewController.m */; };
		3CA812B318BA76CA003718FC /* PentagoBrain.m in Sources */ = {isa = PBXBuildFile; fileRef = 3CA812B218BA76CA003718FC /* PentagoBrain.m */; };
		3CA812B718BA7C0F003718FC /* grid.png in Resources */ = {isa = PBXBuildFile; fileRef = 3CA812B618BA7C0F003718FC /* grid.png */; };
/* End PBXBuildFile section */

/* Begin PBXContainerItemProxy section */
		3CA8129718BA738A003718FC /* PBXContainerItemProxy */ = {
			isa = PBXContainerItemProxy;
			containerPortal = 3CA8126918BA7389003718FC /* Project object */;
			proxyType = 1;
			remoteGlobalIDString = 3CA8127018BA7389003718FC;
			remoteInfo = Pentago;
		};
/* End PBXContainerItemProxy section */

/* Begin PBXFileReference section */
		3C1EB79718BB071A003A86B5 /* redMarble.png */ = {isa = PBXFileReference; lastKnownFileType = image.png; path = redMarble.png; sourceTree = "<group>"; };
		3C20B76018C11540004B55BB /* GridHole.h */ = {isa = PBXFileReference; lastKnownFileType = sourcecode.c.h; path = GridHole.h; sourceTree = "<group>"; };
		3C20B76118C11843004B55BB /* Player.h */ = {isa = PBXFileReference; fileEncoding = 4; lastKnownFileType = sourcecode.c.h; path = Player.h; sourceTree = "<group>"; };
		3C20B76418C11CC4004B55BB /* WhichView.h */ = {isa = PBXFileReference; fileEncoding = 4; lastKnownFileType = sourcecode.c.h; path = WhichView.h; sourceTree = "<group>"; };
		3CA7007718BD8CB400C84C9D /* blueMarble.png */ = {isa = PBXFileReference; lastKnownFileType = image.png; path = blueMarble.png; sourceTree = "<group>"; };
		3CA8127118BA7389003718FC /* Pentago.app */ = {isa = PBXFileReference; explicitFileType = wrapper.application; includeInIndex = 0; path = Pentago.app; sourceTree = BUILT_PRODUCTS_DIR; };
		3CA8127418BA7389003718FC /* Foundation.framework */ = {isa = PBXFileReference; lastKnownFileType = wrapper.framework; name = Foundation.framework; path = System/Library/Frameworks/Foundation.framework; sourceTree = SDKROOT; };
		3CA8127618BA7389003718FC /* CoreGraphics.framework */ = {isa = PBXFileReference; lastKnownFileType = wrapper.framework; name = CoreGraphics.framework; path = System/Library/Frameworks/CoreGraphics.framework; sourceTree = SDKROOT; };
		3CA8127818BA7389003718FC /* UIKit.framework */ = {isa = PBXFileReference; lastKnownFileType = wrapper.framework; name = UIKit.framework; path = System/Library/Frameworks/UIKit.framework; sourceTree = SDKROOT; };
		3CA8127C18BA7389003718FC /* Pentago-Info.plist */ = {isa = PBXFileReference; lastKnownFileType = text.plist.xml; path = "Pentago-Info.plist"; sourceTree = "<group>"; };
		3CA8127E18BA7389003718FC /* en */ = {isa = PBXFileReference; lastKnownFileType = text.plist.strings; name = en; path = en.lproj/InfoPlist.strings; sourceTree = "<group>"; };
		3CA8128018BA7389003718FC /* main.m */ = {isa = PBXFileReference; lastKnownFileType = sourcecode.c.objc; path = main.m; sourceTree = "<group>"; };
		3CA8128218BA7389003718FC /* Pentago-Prefix.pch */ = {isa = PBXFileReference; lastKnownFileType = sourcecode.c.h; path = "Pentago-Prefix.pch"; sourceTree = "<group>"; };
		3CA8128318BA7389003718FC /* AppDelegate.h */ = {isa = PBXFileReference; lastKnownFileType = sourcecode.c.h; path = AppDelegate.h; sourceTree = "<group>"; };
		3CA8128418BA7389003718FC /* AppDelegate.m */ = {isa = PBXFileReference; lastKnownFileType = sourcecode.c.objc; path = AppDelegate.m; sourceTree = "<group>"; };
		3CA8128718BA7389003718FC /* Base */ = {isa = PBXFileReference; lastKnownFileType = file.storyboard; name = Base; path = Base.lproj/Main.storyboard; sourceTree = "<group>"; };
		3CA8128918BA7389003718FC /* ViewController.h */ = {isa = PBXFileReference; lastKnownFileType = sourcecode.c.h; path = ViewController.h; sourceTree = "<group>"; };
		3CA8128A18BA7389003718FC /* ViewController.m */ = {isa = PBXFileReference; lastKnownFileType = sourcecode.c.objc; path = ViewController.m; sourceTree = "<group>"; };
		3CA8128C18BA7389003718FC /* Images.xcassets */ = {isa = PBXFileReference; lastKnownFileType = folder.assetcatalog; path = Images.xcassets; sourceTree = "<group>"; };
		3CA8129218BA738A003718FC /* PentagoTests.xctest */ = {isa = PBXFileReference; explicitFileType = wrapper.cfbundle; includeInIndex = 0; path = PentagoTests.xctest; sourceTree = BUILT_PRODUCTS_DIR; };
		3CA8129318BA738A003718FC /* XCTest.framework */ = {isa = PBXFileReference; lastKnownFileType = wrapper.framework; name = XCTest.framework; path = Library/Frameworks/XCTest.framework; sourceTree = DEVELOPER_DIR; };
		3CA8129B18BA738A003718FC /* PentagoTests-Info.plist */ = {isa = PBXFileReference; lastKnownFileType = text.plist.xml; path = "PentagoTests-Info.plist"; sourceTree = "<group>"; };
		3CA8129D18BA738A003718FC /* en */ = {isa = PBXFileReference; lastKnownFileType = text.plist.strings; name = en; path = en.lproj/InfoPlist.strings; sourceTree = "<group>"; };
		3CA8129F18BA738A003718FC /* PentagoTests.m */ = {isa = PBXFileReference; lastKnownFileType = sourcecode.c.objc; path = PentagoTests.m; sourceTree = "<group>"; };
		3CA812AA18BA73C5003718FC /* PentagoViewController.h */ = {isa = PBXFileReference; fileEncoding = 4; lastKnownFileType = sourcecode.c.h; path = PentagoViewController.h; sourceTree = "<group>"; };
		3CA812AB18BA73C5003718FC /* PentagoViewController.m */ = {isa = PBXFileReference; fileEncoding = 4; lastKnownFileType = sourcecode.c.objc; path = PentagoViewController.m; sourceTree = "<group>"; };
		3CA812AD18BA741D003718FC /* SubViewViewController.h */ = {isa = PBXFileReference; fileEncoding = 4; lastKnownFileType = sourcecode.c.h; path = SubViewViewController.h; sourceTree = "<group>"; };
		3CA812AE18BA741D003718FC /* SubViewViewController.m */ = {isa = PBXFileReference; fileEncoding = 4; lastKnownFileType = sourcecode.c.objc; path = SubViewViewController.m; sourceTree = "<group>"; };
		3CA812B118BA76CA003718FC /* PentagoBrain.h */ = {isa = PBXFileReference; fileEncoding = 4; lastKnownFileType = sourcecode.c.h; path = PentagoBrain.h; sourceTree = "<group>"; };
		3CA812B218BA76CA003718FC /* PentagoBrain.m */ = {isa = PBXFileReference; fileEncoding = 4; lastKnownFileType = sourcecode.c.objc; path = PentagoBrain.m; sourceTree = "<group>"; };
		3CA812B618BA7C0F003718FC /* grid.png */ = {isa = PBXFileReference; lastKnownFileType = image.png; path = grid.png; sourceTree = "<group>"; };
/* End PBXFileReference section */

/* Begin PBXFrameworksBuildPhase section */
		3CA8126E18BA7389003718FC /* Frameworks */ = {
			isa = PBXFrameworksBuildPhase;
			buildActionMask = 2147483647;
			files = (
				3CA8127718BA7389003718FC /* CoreGraphics.framework in Frameworks */,
				3CA8127918BA7389003718FC /* UIKit.framework in Frameworks */,
				3CA8127518BA7389003718FC /* Foundation.framework in Frameworks */,
			);
			runOnlyForDeploymentPostprocessing = 0;
		};
		3CA8128F18BA738A003718FC /* Frameworks */ = {
			isa = PBXFrameworksBuildPhase;
			buildActionMask = 2147483647;
			files = (
				3CA8129418BA738A003718FC /* XCTest.framework in Frameworks */,
				3CA8129618BA738A003718FC /* UIKit.framework in Frameworks */,
				3CA8129518BA738A003718FC /* Foundation.framework in Frameworks */,
			);
			runOnlyForDeploymentPostprocessing = 0;
		};
/* End PBXFrameworksBuildPhase section */

/* Begin PBXGroup section */
		3CA8126818BA7389003718FC = {
			isa = PBXGroup;
			children = (
				3CA8127A18BA7389003718FC /* Pentago */,
				3CA8129918BA738A003718FC /* PentagoTests */,
				3CA8127318BA7389003718FC /* Frameworks */,
				3CA8127218BA7389003718FC /* Products */,
			);
			sourceTree = "<group>";
		};
		3CA8127218BA7389003718FC /* Products */ = {
			isa = PBXGroup;
			children = (
				3CA8127118BA7389003718FC /* Pentago.app */,
				3CA8129218BA738A003718FC /* PentagoTests.xctest */,
			);
			name = Products;
			sourceTree = "<group>";
		};
		3CA8127318BA7389003718FC /* Frameworks */ = {
			isa = PBXGroup;
			children = (
				3CA8127418BA7389003718FC /* Foundation.framework */,
				3CA8127618BA7389003718FC /* CoreGraphics.framework */,
				3CA8127818BA7389003718FC /* UIKit.framework */,
				3CA8129318BA738A003718FC /* XCTest.framework */,
			);
			name = Frameworks;
			sourceTree = "<group>";
		};
		3CA8127A18BA7389003718FC /* Pentago */ = {
			isa = PBXGroup;
			children = (
				3CA812B018BA76B2003718FC /* Model */,
				3CA812A918BA739E003718FC /* PentagoViewController */,
				3CA8128318BA7389003718FC /* AppDelegate.h */,
				3CA8128418BA7389003718FC /* AppDelegate.m */,
				3CA8128618BA7389003718FC /* Main.storyboard */,
				3CA8128918BA7389003718FC /* ViewController.h */,
				3CA8128A18BA7389003718FC /* ViewController.m */,
				3CA8128C18BA7389003718FC /* Images.xcassets */,
				3CA812B618BA7C0F003718FC /* grid.png */,
				3C1EB79718BB071A003A86B5 /* redMarble.png */,
				3CA7007718BD8CB400C84C9D /* blueMarble.png */,
				3CA8127B18BA7389003718FC /* Supporting Files */,
			);
			path = Pentago;
			sourceTree = "<group>";
		};
		3CA8127B18BA7389003718FC /* Supporting Files */ = {
			isa = PBXGroup;
			children = (
				3CA8127C18BA7389003718FC /* Pentago-Info.plist */,
				3CA8127D18BA7389003718FC /* InfoPlist.strings */,
				3CA8128018BA7389003718FC /* main.m */,
				3CA8128218BA7389003718FC /* Pentago-Prefix.pch */,
			);
			name = "Supporting Files";
			sourceTree = "<group>";
		};
		3CA8129918BA738A003718FC /* PentagoTests */ = {
			isa = PBXGroup;
			children = (
				3CA8129F18BA738A003718FC /* PentagoTests.m */,
				3CA8129A18BA738A003718FC /* Supporting Files */,
			);
			path = PentagoTests;
			sourceTree = "<group>";
		};
		3CA8129A18BA738A003718FC /* Supporting Files */ = {
			isa = PBXGroup;
			children = (
				3CA8129B18BA738A003718FC /* PentagoTests-Info.plist */,
				3CA8129C18BA738A003718FC /* InfoPlist.strings */,
			);
			name = "Supporting Files";
			sourceTree = "<group>";
		};
		3CA812A918BA739E003718FC /* PentagoViewController */ = {
			isa = PBXGroup;
			children = (
				3CA812AA18BA73C5003718FC /* PentagoViewController.h */,
				3CA812AB18BA73C5003718FC /* PentagoViewController.m */,
				3CA812AD18BA741D003718FC /* SubViewViewController.h */,
				3CA812AE18BA741D003718FC /* SubViewViewController.m */,
			);
			name = PentagoViewController;
			sourceTree = "<group>";
		};
		3CA812B018BA76B2003718FC /* Model */ = {
			isa = PBXGroup;
			children = (
				3CA812B118BA76CA003718FC /* PentagoBrain.h */,
				3CA812B218BA76CA003718FC /* PentagoBrain.m */,
				3C20B76018C11540004B55BB /* GridHole.h */,
				3C20B76118C11843004B55BB /* Player.h */,
				3C20B76418C11CC4004B55BB /* WhichView.h */,
			);
			name = Model;
			sourceTree = "<group>";
		};
/* End PBXGroup section */

/* Begin PBXNativeTarget section */
		3CA8127018BA7389003718FC /* Pentago */ = {
			isa = PBXNativeTarget;
			buildConfigurationList = 3CA812A318BA738A003718FC /* Build configuration list for PBXNativeTarget "Pentago" */;
			buildPhases = (
				3CA8126D18BA7389003718FC /* Sources */,
				3CA8126E18BA7389003718FC /* Frameworks */,
				3CA8126F18BA7389003718FC /* Resources */,
			);
			buildRules = (
			);
			dependencies = (
			);
			name = Pentago;
			productName = Pentago;
			productReference = 3CA8127118BA7389003718FC /* Pentago.app */;
			productType = "com.apple.product-type.application";
		};
		3CA8129118BA738A003718FC /* PentagoTests */ = {
			isa = PBXNativeTarget;
			buildConfigurationList = 3CA812A618BA738A003718FC /* Build configuration list for PBXNativeTarget "PentagoTests" */;
			buildPhases = (
				3CA8128E18BA738A003718FC /* Sources */,
				3CA8128F18BA738A003718FC /* Frameworks */,
				3CA8129018BA738A003718FC /* Resources */,
			);
			buildRules = (
			);
			dependencies = (
				3CA8129818BA738A003718FC /* PBXTargetDependency */,
			);
			name = PentagoTests;
			productName = PentagoTests;
			productReference = 3CA8129218BA738A003718FC /* PentagoTests.xctest */;
			productType = "com.apple.product-type.bundle.unit-test";
		};
/* End PBXNativeTarget section */

/* Begin PBXProject section */
		3CA8126918BA7389003718FC /* Project object */ = {
			isa = PBXProject;
			attributes = {
				LastUpgradeCheck = 0500;
				ORGANIZATIONNAME = "Stephen Kyles";
				TargetAttributes = {
					3CA8129118BA738A003718FC = {
						TestTargetID = 3CA8127018BA7389003718FC;
					};
				};
			};
			buildConfigurationList = 3CA8126C18BA7389003718FC /* Build configuration list for PBXProject "Pentago" */;
			compatibilityVersion = "Xcode 3.2";
			developmentRegion = English;
			hasScannedForEncodings = 0;
			knownRegions = (
				en,
				Base,
			);
			mainGroup = 3CA8126818BA7389003718FC;
			productRefGroup = 3CA8127218BA7389003718FC /* Products */;
			projectDirPath = "";
			projectRoot = "";
			targets = (
				3CA8127018BA7389003718FC /* Pentago */,
				3CA8129118BA738A003718FC /* PentagoTests */,
			);
		};
/* End PBXProject section */

/* Begin PBXResourcesBuildPhase section */
		3CA8126F18BA7389003718FC /* Resources */ = {
			isa = PBXResourcesBuildPhase;
			buildActionMask = 2147483647;
			files = (
				3CA7007818BD8CB400C84C9D /* blueMarble.png in Resources */,
				3CA8128D18BA7389003718FC /* Images.xcassets in Resources */,
				3CA812B718BA7C0F003718FC /* grid.png in Resources */,
				3CA8127F18BA7389003718FC /* InfoPlist.strings in Resources */,
				3C1EB79818BB071A003A86B5 /* redMarble.png in Resources */,
				3CA8128818BA7389003718FC /* Main.storyboard in Resources */,
			);
			runOnlyForDeploymentPostprocessing = 0;
		};
		3CA8129018BA738A003718FC /* Resources */ = {
			isa = PBXResourcesBuildPhase;
			buildActionMask = 2147483647;
			files = (
				3CA8129E18BA738A003718FC /* InfoPlist.strings in Resources */,
			);
			runOnlyForDeploymentPostprocessing = 0;
		};
/* End PBXResourcesBuildPhase section */

/* Begin PBXSourcesBuildPhase section */
		3CA8126D18BA7389003718FC /* Sources */ = {
			isa = PBXSourcesBuildPhase;
			buildActionMask = 2147483647;
			files = (
				3CA812AF18BA741D003718FC /* SubViewViewController.m in Sources */,
				3CA812B318BA76CA003718FC /* PentagoBrain.m in Sources */,
				3CA8128B18BA7389003718FC /* ViewController.m in Sources */,
				3CA8128518BA7389003718FC /* AppDelegate.m in Sources */,
				3CA8128118BA7389003718FC /* main.m in Sources */,
				3CA812AC18BA73C5003718FC /* PentagoViewController.m in Sources */,
			);
			runOnlyForDeploymentPostprocessing = 0;
		};
		3CA8128E18BA738A003718FC /* Sources */ = {
			isa = PBXSourcesBuildPhase;
			buildActionMask = 2147483647;
			files = (
				3CA812A018BA738A003718FC /* PentagoTests.m in Sources */,
			);
			runOnlyForDeploymentPostprocessing = 0;
		};
/* End PBXSourcesBuildPhase section */

/* Begin PBXTargetDependency section */
		3CA8129818BA738A003718FC /* PBXTargetDependency */ = {
			isa = PBXTargetDependency;
			target = 3CA8127018BA7389003718FC /* Pentago */;
			targetProxy = 3CA8129718BA738A003718FC /* PBXContainerItemProxy */;
		};
/* End PBXTargetDependency section */

/* Begin PBXVariantGroup section */
		3CA8127D18BA7389003718FC /* InfoPlist.strings */ = {
			isa = PBXVariantGroup;
			children = (
				3CA8127E18BA7389003718FC /* en */,
			);
			name = InfoPlist.strings;
			sourceTree = "<group>";
		};
		3CA8128618BA7389003718FC /* Main.storyboard */ = {
			isa = PBXVariantGroup;
			children = (
				3CA8128718BA7389003718FC /* Base */,
			);
			name = Main.storyboard;
			sourceTree = "<group>";
		};
		3CA8129C18BA738A003718FC /* InfoPlist.strings */ = {
			isa = PBXVariantGroup;
			children = (
				3CA8129D18BA738A003718FC /* en */,
			);
			name = InfoPlist.strings;
			sourceTree = "<group>";
		};
/* End PBXVariantGroup section */

/* Begin XCBuildConfiguration section */
		3CA812A118BA738A003718FC /* Debug */ = {
			isa = XCBuildConfiguration;
			buildSettings = {
				ALWAYS_SEARCH_USER_PATHS = NO;
				ARCHS = "$(ARCHS_STANDARD_INCLUDING_64_BIT)";
				CLANG_CXX_LANGUAGE_STANDARD = "gnu++0x";
				CLANG_CXX_LIBRARY = "libc++";
				CLANG_ENABLE_MODULES = YES;
				CLANG_ENABLE_OBJC_ARC = YES;
				CLANG_WARN_BOOL_CONVERSION = YES;
				CLANG_WARN_CONSTANT_CONVERSION = YES;
				CLANG_WARN_DIRECT_OBJC_ISA_USAGE = YES_ERROR;
				CLANG_WARN_EMPTY_BODY = YES;
				CLANG_WARN_ENUM_CONVERSION = YES;
				CLANG_WARN_INT_CONVERSION = YES;
				CLANG_WARN_OBJC_ROOT_CLASS = YES_ERROR;
				CLANG_WARN__DUPLICATE_METHOD_MATCH = YES;
				"CODE_SIGN_IDENTITY[sdk=iphoneos*]" = "iPhone Developer";
				COPY_PHASE_STRIP = NO;
				GCC_C_LANGUAGE_STANDARD = gnu99;
				GCC_DYNAMIC_NO_PIC = NO;
				GCC_OPTIMIZATION_LEVEL = 0;
				GCC_PREPROCESSOR_DEFINITIONS = (
					"DEBUG=1",
					"$(inherited)",
				);
				GCC_SYMBOLS_PRIVATE_EXTERN = NO;
				GCC_WARN_64_TO_32_BIT_CONVERSION = YES;
				GCC_WARN_ABOUT_RETURN_TYPE = YES_ERROR;
				GCC_WARN_UNDECLARED_SELECTOR = YES;
				GCC_WARN_UNINITIALIZED_AUTOS = YES;
				GCC_WARN_UNUSED_FUNCTION = YES;
				GCC_WARN_UNUSED_VARIABLE = YES;
				IPHONEOS_DEPLOYMENT_TARGET = 7.0;
				ONLY_ACTIVE_ARCH = YES;
				SDKROOT = iphoneos;
			};
			name = Debug;
		};
		3CA812A218BA738A003718FC /* Release */ = {
			isa = XCBuildConfiguration;
			buildSettings = {
				ALWAYS_SEARCH_USER_PATHS = NO;
				ARCHS = "$(ARCHS_STANDARD_INCLUDING_64_BIT)";
				CLANG_CXX_LANGUAGE_STANDARD = "gnu++0x";
				CLANG_CXX_LIBRARY = "libc++";
				CLANG_ENABLE_MODULES = YES;
				CLANG_ENABLE_OBJC_ARC = YES;
				CLANG_WARN_BOOL_CONVERSION = YES;
				CLANG_WARN_CONSTANT_CONVERSION = YES;
				CLANG_WARN_DIRECT_OBJC_ISA_USAGE = YES_ERROR;
				CLANG_WARN_EMPTY_BODY = YES;
				CLANG_WARN_ENUM_CONVERSION = YES;
				CLANG_WARN_INT_CONVERSION = YES;
				CLANG_WARN_OBJC_ROOT_CLASS = YES_ERROR;
				CLANG_WARN__DUPLICATE_METHOD_MATCH = YES;
				"CODE_SIGN_IDENTITY[sdk=iphoneos*]" = "iPhone Developer";
				COPY_PHASE_STRIP = YES;
				ENABLE_NS_ASSERTIONS = NO;
				GCC_C_LANGUAGE_STANDARD = gnu99;
				GCC_WARN_64_TO_32_BIT_CONVERSION = YES;
				GCC_WARN_ABOUT_RETURN_TYPE = YES_ERROR;
				GCC_WARN_UNDECLARED_SELECTOR = YES;
				GCC_WARN_UNINITIALIZED_AUTOS = YES;
				GCC_WARN_UNUSED_FUNCTION = YES;
				GCC_WARN_UNUSED_VARIABLE = YES;
				IPHONEOS_DEPLOYMENT_TARGET = 7.0;
				SDKROOT = iphoneos;
				VALIDATE_PRODUCT = YES;
			};
			name = Release;
		};
		3CA812A418BA738A003718FC /* Debug */ = {
			isa = XCBuildConfiguration;
			buildSettings = {
				ASSETCATALOG_COMPILER_APPICON_NAME = AppIcon;
				ASSETCATALOG_COMPILER_LAUNCHIMAGE_NAME = LaunchImage;
				GCC_PRECOMPILE_PREFIX_HEADER = YES;
				GCC_PREFIX_HEADER = "Pentago/Pentago-Prefix.pch";
				INFOPLIST_FILE = "Pentago/Pentago-Info.plist";
				PRODUCT_NAME = "$(TARGET_NAME)";
				WRAPPER_EXTENSION = app;
			};
			name = Debug;
		};
		3CA812A518BA738A003718FC /* Release */ = {
			isa = XCBuildConfiguration;
			buildSettings = {
				ASSETCATALOG_COMPILER_APPICON_NAME = AppIcon;
				ASSETCATALOG_COMPILER_LAUNCHIMAGE_NAME = LaunchImage;
				GCC_PRECOMPILE_PREFIX_HEADER = YES;
				GCC_PREFIX_HEADER = "Pentago/Pentago-Prefix.pch";
				INFOPLIST_FILE = "Pentago/Pentago-Info.plist";
				PRODUCT_NAME = "$(TARGET_NAME)";
				WRAPPER_EXTENSION = app;
			};
			name = Release;
		};
		3CA812A718BA738A003718FC /* Debug */ = {
			isa = XCBuildConfiguration;
			buildSettings = {
				ARCHS = "$(ARCHS_STANDARD_INCLUDING_64_BIT)";
				BUNDLE_LOADER = "$(BUILT_PRODUCTS_DIR)/Pentago.app/Pentago";
				FRAMEWORK_SEARCH_PATHS = (
					"$(SDKROOT)/Developer/Library/Frameworks",
					"$(inherited)",
					"$(DEVELOPER_FRAMEWORKS_DIR)",
				);
				GCC_PRECOMPILE_PREFIX_HEADER = YES;
				GCC_PREFIX_HEADER = "Pentago/Pentago-Prefix.pch";
				GCC_PREPROCESSOR_DEFINITIONS = (
					"DEBUG=1",
					"$(inherited)",
				);
				INFOPLIST_FILE = "PentagoTests/PentagoTests-Info.plist";
				PRODUCT_NAME = "$(TARGET_NAME)";
				TEST_HOST = "$(BUNDLE_LOADER)";
				WRAPPER_EXTENSION = xctest;
			};
			name = Debug;
		};
		3CA812A818BA738A003718FC /* Release */ = {
			isa = XCBuildConfiguration;
			buildSettings = {
				ARCHS = "$(ARCHS_STANDARD_INCLUDING_64_BIT)";
				BUNDLE_LOADER = "$(BUILT_PRODUCTS_DIR)/Pentago.app/Pentago";
				FRAMEWORK_SEARCH_PATHS = (
					"$(SDKROOT)/Developer/Library/Frameworks",
					"$(inherited)",
					"$(DEVELOPER_FRAMEWORKS_DIR)",
				);
				GCC_PRECOMPILE_PREFIX_HEADER = YES;
				GCC_PREFIX_HEADER = "Pentago/Pentago-Prefix.pch";
				INFOPLIST_FILE = "PentagoTests/PentagoTests-Info.plist";
				PRODUCT_NAME = "$(TARGET_NAME)";
				TEST_HOST = "$(BUNDLE_LOADER)";
				WRAPPER_EXTENSION = xctest;
			};
			name = Release;
		};
/* End XCBuildConfiguration section */

/* Begin XCConfigurationList section */
		3CA8126C18BA7389003718FC /* Build configuration list for PBXProject "Pentago" */ = {
			isa = XCConfigurationList;
			buildConfigurations = (
				3CA812A118BA738A003718FC /* Debug */,
				3CA812A218BA738A003718FC /* Release */,
			);
			defaultConfigurationIsVisible = 0;
			defaultConfigurationName = Release;
		};
		3CA812A318BA738A003718FC /* Build configuration list for PBXNativeTarget "Pentago" */ = {
			isa = XCConfigurationList;
			buildConfigurations = (
				3CA812A418BA738A003718FC /* Debug */,
				3CA812A518BA738A003718FC /* Release */,
			);
			defaultConfigurationIsVisible = 0;
			defaultConfigurationName = Release;
		};
		3CA812A618BA738A003718FC /* Build configuration list for PBXNativeTarget "PentagoTests" */ = {
			isa = XCConfigurationList;
			buildConfigurations = (
				3CA812A718BA738A003718FC /* Debug */,
				3CA812A818BA738A003718FC /* Release */,
			);
			defaultConfigurationIsVisible = 0;
			defaultConfigurationName = Release;
		};
/* End XCConfigurationList section */
	};
	rootObject = 3CA8126918BA7389003718FC /* Project object */;
}
